
Microsoft Visual Studio Solution File, Format Version 12.00
# Visual Studio Version 16
VisualStudioVersion = 16.0.30011.22
MinimumVisualStudioVersion = 10.0.40219.1
Project("{FAE04EC0-301F-11D3-BF4B-00C04F79EFBC}") = "RPG_Game", "RPG_Game\RPG_Game.csproj", "{AB66F6BD-E0DB-4308-B892-BA85F12A1A7B}"
EndProject
Global
	GlobalSection(SolutionConfigurationPlatforms) = preSolution
		Debug|Any CPU = Debug|Any CPU
		Release|Any CPU = Release|Any CPU
	EndGlobalSection
	GlobalSection(ProjectConfigurationPlatforms) = postSolution
		{AB66F6BD-E0DB-4308-B892-BA85F12A1A7B}.Debug|Any CPU.ActiveCfg = Debug|Any CPU
		{AB66F6BD-E0DB-4308-B892-BA85F12A1A7B}.Debug|Any CPU.Build.0 = Debug|Any CPU
		{AB66F6BD-E0DB-4308-B892-BA85F12A1A7B}.Release|Any CPU.ActiveCfg = Release|Any CPU
		{AB66F6BD-E0DB-4308-B892-BA85F12A1A7B}.Release|Any CPU.Build.0 = Release|Any CPU
	EndGlobalSection
	GlobalSection(SolutionProperties) = preSolution
		HideSolutionNode = FALSE
	EndGlobalSection
	GlobalSection(ExtensibilityGlobals) = postSolution
		SolutionGuid = {CC2EBE57-3BD5-4A43-A7B6-C6FF8883D325}
	EndGlobalSection
EndGlobal
